
Microsoft Visual Studio Solution File, Format Version 12.00
# Visual Studio Version 17
VisualStudioVersion = 17.1.32210.238
MinimumVisualStudioVersion = 10.0.40219.1
Project("{9A19103F-16F7-4668-BE54-9A1E7A4F7556}") = "OtelConsoleExporter", "OtelConsoleExporter\OtelConsoleExporter.csproj", "{1D662CC0-E33A-4B14-B6BF-F54AF604F7AC}"
EndProject
Project("{9A19103F-16F7-4668-BE54-9A1E7A4F7556}") = "TokenAccess", "TokenAccess\TokenAccess.csproj", "{02529123-41C3-4EA8-B34B-3EC087BF0022}"
EndProject
Project("{9A19103F-16F7-4668-BE54-9A1E7A4F7556}") = "TokenPropogation", "TokenPropogation\TokenPropogation.csproj", "{468136D2-B298-40AE-87DA-8D81AF1C82E8}"
EndProject
Project("{9A19103F-16F7-4668-BE54-9A1E7A4F7556}") = "ConsoleHostTest", "ConsoleHostTest\ConsoleHostTest.csproj", "{5CEC1345-35FB-4A6C-807C-F9F1BDC4F5ED}"
EndProject
Project("{9A19103F-16F7-4668-BE54-9A1E7A4F7556}") = "MELConsoleLogIntegraton", "MELConsoleLogIntegraton\MELConsoleLogIntegraton.csproj", "{A2342985-985E-47E1-A40D-247874F49AAC}"
EndProject
Project("{9A19103F-16F7-4668-BE54-9A1E7A4F7556}") = "FeatureExplorations", "FeatureExplorations\FeatureExplorations.csproj", "{9BD96819-A6EF-42E0-8CE3-11FA717880C2}"
EndProject
Project("{9A19103F-16F7-4668-BE54-9A1E7A4F7556}") = "LogPerfTest", "LogPerfTest\LogPerfTest.csproj", "{F6F9DDD2-343F-411F-AD90-F6DA30D4057D}"
EndProject
Project("{9A19103F-16F7-4668-BE54-9A1E7A4F7556}") = "LambdaDemo", "LambdaDemo\src\LambdaDemo\LambdaDemo.csproj", "{827142EC-715F-4789-B8E1-A71DF10EF847}"
EndProject
Project("{9A19103F-16F7-4668-BE54-9A1E7A4F7556}") = "Weatherdemo", "Weatherdemo\Weatherdemo.csproj", "{D2A8E91F-E98D-42AE-A5E3-A9A26CA67162}"
EndProject
Project("{9A19103F-16F7-4668-BE54-9A1E7A4F7556}") = "AnAExploration", "AnAExploration\AnAExploration.csproj", "{F2AB0943-173E-4155-89C4-AD112D7838A6}"
EndProject
Project("{9A19103F-16F7-4668-BE54-9A1E7A4F7556}") = "ConsoleApp", "ConsoleApp\ConsoleApp.csproj", "{EBB503DC-4F44-44F9-8A36-F4E4A34B40A9}"
EndProject
Project("{9A19103F-16F7-4668-BE54-9A1E7A4F7556}") = "AwsStsTest", "AwsStsTest\AwsStsTest.csproj", "{164BED31-CACF-4706-AEFF-416A48C51D74}"
EndProject
Project("{9A19103F-16F7-4668-BE54-9A1E7A4F7556}") = "KubeconfigRefresh", "KubeconfigRefresh\KubeconfigRefresh.csproj", "{271214B7-CA2C-496F-88A9-D46CA90A18F5}"
EndProject
Project("{9A19103F-16F7-4668-BE54-9A1E7A4F7556}") = "UsingConfigurationOption", "UsingConfigurationOption\UsingConfigurationOption.csproj", "{8985F62D-82CC-4E5C-A7A1-B51091E3CAE5}"
EndProject
Project("{E53339B2-1760-4266-BCC7-CA923CBCF16C}") = "docker-compose", "docker-compose.dcproj", "{199EEF27-24B1-4364-855D-B111434FB8D4}"
EndProject
Project("{9A19103F-16F7-4668-BE54-9A1E7A4F7556}") = "S3StreamUnzip", "..\S3StreamUnzip\S3StreamUnzip.csproj", "{D41A603F-8826-4202-9593-A0B81468F25C}"
EndProject
Project("{9A19103F-16F7-4668-BE54-9A1E7A4F7556}") = "AuthWithJwt", "AuthWithJwt\AuthWithJwt.csproj", "{59D3F05E-2FD8-41C2-BBD2-957E1C2D09B2}"
EndProject
Project("{9A19103F-16F7-4668-BE54-9A1E7A4F7556}") = "AuthGateway", "AuthGateway\AuthGateway.csproj", "{D560D83B-A034-41B4-9F11-CC912F0885F7}"
EndProject
Project("{8BC9CEB8-8B4A-11D0-8D11-00A0C91BC942}") = "Sharedlib", "Sharedlib\Sharedlib.vcxproj", "{F3842043-7344-4766-A620-373F77C491CB}"
EndProject
Project("{9A19103F-16F7-4668-BE54-9A1E7A4F7556}") = "DemoApp", "DemoApp\DemoApp.csproj", "{A983CD39-1240-4FCF-81A1-C56EFAAF9754}"
EndProject
Global
	GlobalSection(SolutionConfigurationPlatforms) = preSolution
		Debug|Any CPU = Debug|Any CPU
		Debug|x64 = Debug|x64
		Debug|x86 = Debug|x86
		Release|Any CPU = Release|Any CPU
		Release|x64 = Release|x64
		Release|x86 = Release|x86
	EndGlobalSection
	GlobalSection(ProjectConfigurationPlatforms) = postSolution
		{1D662CC0-E33A-4B14-B6BF-F54AF604F7AC}.Debug|Any CPU.ActiveCfg = Debug|Any CPU
		{1D662CC0-E33A-4B14-B6BF-F54AF604F7AC}.Debug|Any CPU.Build.0 = Debug|Any CPU
		{1D662CC0-E33A-4B14-B6BF-F54AF604F7AC}.Debug|x64.ActiveCfg = Debug|Any CPU
		{1D662CC0-E33A-4B14-B6BF-F54AF604F7AC}.Debug|x64.Build.0 = Debug|Any CPU
		{1D662CC0-E33A-4B14-B6BF-F54AF604F7AC}.Debug|x86.ActiveCfg = Debug|Any CPU
		{1D662CC0-E33A-4B14-B6BF-F54AF604F7AC}.Debug|x86.Build.0 = Debug|Any CPU
		{1D662CC0-E33A-4B14-B6BF-F54AF604F7AC}.Release|Any CPU.ActiveCfg = Release|Any CPU
		{1D662CC0-E33A-4B14-B6BF-F54AF604F7AC}.Release|Any CPU.Build.0 = Release|Any CPU
		{1D662CC0-E33A-4B14-B6BF-F54AF604F7AC}.Release|x64.ActiveCfg = Release|Any CPU
		{1D662CC0-E33A-4B14-B6BF-F54AF604F7AC}.Release|x64.Build.0 = Release|Any CPU
		{1D662CC0-E33A-4B14-B6BF-F54AF604F7AC}.Release|x86.ActiveCfg = Release|Any CPU
		{1D662CC0-E33A-4B14-B6BF-F54AF604F7AC}.Release|x86.Build.0 = Release|Any CPU
		{02529123-41C3-4EA8-B34B-3EC087BF0022}.Debug|Any CPU.ActiveCfg = Debug|Any CPU
		{02529123-41C3-4EA8-B34B-3EC087BF0022}.Debug|Any CPU.Build.0 = Debug|Any CPU
		{02529123-41C3-4EA8-B34B-3EC087BF0022}.Debug|x64.ActiveCfg = Debug|Any CPU
		{02529123-41C3-4EA8-B34B-3EC087BF0022}.Debug|x64.Build.0 = Debug|Any CPU
		{02529123-41C3-4EA8-B34B-3EC087BF0022}.Debug|x86.ActiveCfg = Debug|Any CPU
		{02529123-41C3-4EA8-B34B-3EC087BF0022}.Debug|x86.Build.0 = Debug|Any CPU
		{02529123-41C3-4EA8-B34B-3EC087BF0022}.Release|Any CPU.ActiveCfg = Release|Any CPU
		{02529123-41C3-4EA8-B34B-3EC087BF0022}.Release|Any CPU.Build.0 = Release|Any CPU
		{02529123-41C3-4EA8-B34B-3EC087BF0022}.Release|x64.ActiveCfg = Release|Any CPU
		{02529123-41C3-4EA8-B34B-3EC087BF0022}.Release|x64.Build.0 = Release|Any CPU
		{02529123-41C3-4EA8-B34B-3EC087BF0022}.Release|x86.ActiveCfg = Release|Any CPU
		{02529123-41C3-4EA8-B34B-3EC087BF0022}.Release|x86.Build.0 = Release|Any CPU
		{468136D2-B298-40AE-87DA-8D81AF1C82E8}.Debug|Any CPU.ActiveCfg = Debug|Any CPU
		{468136D2-B298-40AE-87DA-8D81AF1C82E8}.Debug|Any CPU.Build.0 = Debug|Any CPU
		{468136D2-B298-40AE-87DA-8D81AF1C82E8}.Debug|x64.ActiveCfg = Debug|Any CPU
		{468136D2-B298-40AE-87DA-8D81AF1C82E8}.Debug|x64.Build.0 = Debug|Any CPU
		{468136D2-B298-40AE-87DA-8D81AF1C82E8}.Debug|x86.ActiveCfg = Debug|Any CPU
		{468136D2-B298-40AE-87DA-8D81AF1C82E8}.Debug|x86.Build.0 = Debug|Any CPU
		{468136D2-B298-40AE-87DA-8D81AF1C82E8}.Release|Any CPU.ActiveCfg = Release|Any CPU
		{468136D2-B298-40AE-87DA-8D81AF1C82E8}.Release|Any CPU.Build.0 = Release|Any CPU
		{468136D2-B298-40AE-87DA-8D81AF1C82E8}.Release|x64.ActiveCfg = Release|Any CPU
		{468136D2-B298-40AE-87DA-8D81AF1C82E8}.Release|x64.Build.0 = Release|Any CPU
		{468136D2-B298-40AE-87DA-8D81AF1C82E8}.Release|x86.ActiveCfg = Release|Any CPU
		{468136D2-B298-40AE-87DA-8D81AF1C82E8}.Release|x86.Build.0 = Release|Any CPU
		{5CEC1345-35FB-4A6C-807C-F9F1BDC4F5ED}.Debug|Any CPU.ActiveCfg = Debug|Any CPU
		{5CEC1345-35FB-4A6C-807C-F9F1BDC4F5ED}.Debug|Any CPU.Build.0 = Debug|Any CPU
		{5CEC1345-35FB-4A6C-807C-F9F1BDC4F5ED}.Debug|x64.ActiveCfg = Debug|Any CPU
		{5CEC1345-35FB-4A6C-807C-F9F1BDC4F5ED}.Debug|x64.Build.0 = Debug|Any CPU
		{5CEC1345-35FB-4A6C-807C-F9F1BDC4F5ED}.Debug|x86.ActiveCfg = Debug|Any CPU
		{5CEC1345-35FB-4A6C-807C-F9F1BDC4F5ED}.Debug|x86.Build.0 = Debug|Any CPU
		{5CEC1345-35FB-4A6C-807C-F9F1BDC4F5ED}.Release|Any CPU.ActiveCfg = Release|Any CPU
		{5CEC1345-35FB-4A6C-807C-F9F1BDC4F5ED}.Release|Any CPU.Build.0 = Release|Any CPU
		{5CEC1345-35FB-4A6C-807C-F9F1BDC4F5ED}.Release|x64.ActiveCfg = Release|Any CPU
		{5CEC1345-35FB-4A6C-807C-F9F1BDC4F5ED}.Release|x64.Build.0 = Release|Any CPU
		{5CEC1345-35FB-4A6C-807C-F9F1BDC4F5ED}.Release|x86.ActiveCfg = Release|Any CPU
		{5CEC1345-35FB-4A6C-807C-F9F1BDC4F5ED}.Release|x86.Build.0 = Release|Any CPU
		{A2342985-985E-47E1-A40D-247874F49AAC}.Debug|Any CPU.ActiveCfg = Debug|Any CPU
		{A2342985-985E-47E1-A40D-247874F49AAC}.Debug|Any CPU.Build.0 = Debug|Any CPU
		{A2342985-985E-47E1-A40D-247874F49AAC}.Debug|x64.ActiveCfg = Debug|Any CPU
		{A2342985-985E-47E1-A40D-247874F49AAC}.Debug|x64.Build.0 = Debug|Any CPU
		{A2342985-985E-47E1-A40D-247874F49AAC}.Debug|x86.ActiveCfg = Debug|Any CPU
		{A2342985-985E-47E1-A40D-247874F49AAC}.Debug|x86.Build.0 = Debug|Any CPU
		{A2342985-985E-47E1-A40D-247874F49AAC}.Release|Any CPU.ActiveCfg = Release|Any CPU
		{A2342985-985E-47E1-A40D-247874F49AAC}.Release|Any CPU.Build.0 = Release|Any CPU
		{A2342985-985E-47E1-A40D-247874F49AAC}.Release|x64.ActiveCfg = Release|Any CPU
		{A2342985-985E-47E1-A40D-247874F49AAC}.Release|x64.Build.0 = Release|Any CPU
		{A2342985-985E-47E1-A40D-247874F49AAC}.Release|x86.ActiveCfg = Release|Any CPU
		{A2342985-985E-47E1-A40D-247874F49AAC}.Release|x86.Build.0 = Release|Any CPU
		{9BD96819-A6EF-42E0-8CE3-11FA717880C2}.Debug|Any CPU.ActiveCfg = Debug|Any CPU
		{9BD96819-A6EF-42E0-8CE3-11FA717880C2}.Debug|Any CPU.Build.0 = Debug|Any CPU
		{9BD96819-A6EF-42E0-8CE3-11FA717880C2}.Debug|x64.ActiveCfg = Debug|Any CPU
		{9BD96819-A6EF-42E0-8CE3-11FA717880C2}.Debug|x64.Build.0 = Debug|Any CPU
		{9BD96819-A6EF-42E0-8CE3-11FA717880C2}.Debug|x86.ActiveCfg = Debug|Any CPU
		{9BD96819-A6EF-42E0-8CE3-11FA717880C2}.Debug|x86.Build.0 = Debug|Any CPU
		{9BD96819-A6EF-42E0-8CE3-11FA717880C2}.Release|Any CPU.ActiveCfg = Release|Any CPU
		{9BD96819-A6EF-42E0-8CE3-11FA717880C2}.Release|Any CPU.Build.0 = Release|Any CPU
		{9BD96819-A6EF-42E0-8CE3-11FA717880C2}.Release|x64.ActiveCfg = Release|Any CPU
		{9BD96819-A6EF-42E0-8CE3-11FA717880C2}.Release|x64.Build.0 = Release|Any CPU
		{9BD96819-A6EF-42E0-8CE3-11FA717880C2}.Release|x86.ActiveCfg = Release|Any CPU
		{9BD96819-A6EF-42E0-8CE3-11FA717880C2}.Release|x86.Build.0 = Release|Any CPU
		{F6F9DDD2-343F-411F-AD90-F6DA30D4057D}.Debug|Any CPU.ActiveCfg = Debug|Any CPU
		{F6F9DDD2-343F-411F-AD90-F6DA30D4057D}.Debug|Any CPU.Build.0 = Debug|Any CPU
		{F6F9DDD2-343F-411F-AD90-F6DA30D4057D}.Debug|x64.ActiveCfg = Debug|Any CPU
		{F6F9DDD2-343F-411F-AD90-F6DA30D4057D}.Debug|x64.Build.0 = Debug|Any CPU
		{F6F9DDD2-343F-411F-AD90-F6DA30D4057D}.Debug|x86.ActiveCfg = Debug|Any CPU
		{F6F9DDD2-343F-411F-AD90-F6DA30D4057D}.Debug|x86.Build.0 = Debug|Any CPU
		{F6F9DDD2-343F-411F-AD90-F6DA30D4057D}.Release|Any CPU.ActiveCfg = Release|Any CPU
		{F6F9DDD2-343F-411F-AD90-F6DA30D4057D}.Release|Any CPU.Build.0 = Release|Any CPU
		{F6F9DDD2-343F-411F-AD90-F6DA30D4057D}.Release|x64.ActiveCfg = Release|Any CPU
		{F6F9DDD2-343F-411F-AD90-F6DA30D4057D}.Release|x64.Build.0 = Release|Any CPU
		{F6F9DDD2-343F-411F-AD90-F6DA30D4057D}.Release|x86.ActiveCfg = Release|Any CPU
		{F6F9DDD2-343F-411F-AD90-F6DA30D4057D}.Release|x86.Build.0 = Release|Any CPU
		{827142EC-715F-4789-B8E1-A71DF10EF847}.Debug|Any CPU.ActiveCfg = Debug|Any CPU
		{827142EC-715F-4789-B8E1-A71DF10EF847}.Debug|Any CPU.Build.0 = Debug|Any CPU
		{827142EC-715F-4789-B8E1-A71DF10EF847}.Debug|x64.ActiveCfg = Debug|Any CPU
		{827142EC-715F-4789-B8E1-A71DF10EF847}.Debug|x64.Build.0 = Debug|Any CPU
		{827142EC-715F-4789-B8E1-A71DF10EF847}.Debug|x86.ActiveCfg = Debug|Any CPU
		{827142EC-715F-4789-B8E1-A71DF10EF847}.Debug|x86.Build.0 = Debug|Any CPU
		{827142EC-715F-4789-B8E1-A71DF10EF847}.Release|Any CPU.ActiveCfg = Release|Any CPU
		{827142EC-715F-4789-B8E1-A71DF10EF847}.Release|Any CPU.Build.0 = Release|Any CPU
		{827142EC-715F-4789-B8E1-A71DF10EF847}.Release|x64.ActiveCfg = Release|Any CPU
		{827142EC-715F-4789-B8E1-A71DF10EF847}.Release|x64.Build.0 = Release|Any CPU
		{827142EC-715F-4789-B8E1-A71DF10EF847}.Release|x86.ActiveCfg = Release|Any CPU
		{827142EC-715F-4789-B8E1-A71DF10EF847}.Release|x86.Build.0 = Release|Any CPU
		{D2A8E91F-E98D-42AE-A5E3-A9A26CA67162}.Debug|Any CPU.ActiveCfg = Debug|Any CPU
		{D2A8E91F-E98D-42AE-A5E3-A9A26CA67162}.Debug|Any CPU.Build.0 = Debug|Any CPU
		{D2A8E91F-E98D-42AE-A5E3-A9A26CA67162}.Debug|x64.ActiveCfg = Debug|Any CPU
		{D2A8E91F-E98D-42AE-A5E3-A9A26CA67162}.Debug|x64.Build.0 = Debug|Any CPU
		{D2A8E91F-E98D-42AE-A5E3-A9A26CA67162}.Debug|x86.ActiveCfg = Debug|Any CPU
		{D2A8E91F-E98D-42AE-A5E3-A9A26CA67162}.Debug|x86.Build.0 = Debug|Any CPU
		{D2A8E91F-E98D-42AE-A5E3-A9A26CA67162}.Release|Any CPU.ActiveCfg = Release|Any CPU
		{D2A8E91F-E98D-42AE-A5E3-A9A26CA67162}.Release|Any CPU.Build.0 = Release|Any CPU
		{D2A8E91F-E98D-42AE-A5E3-A9A26CA67162}.Release|x64.ActiveCfg = Release|Any CPU
		{D2A8E91F-E98D-42AE-A5E3-A9A26CA67162}.Release|x64.Build.0 = Release|Any CPU
		{D2A8E91F-E98D-42AE-A5E3-A9A26CA67162}.Release|x86.ActiveCfg = Release|Any CPU
		{D2A8E91F-E98D-42AE-A5E3-A9A26CA67162}.Release|x86.Build.0 = Release|Any CPU
		{F2AB0943-173E-4155-89C4-AD112D7838A6}.Debug|Any CPU.ActiveCfg = Debug|Any CPU
		{F2AB0943-173E-4155-89C4-AD112D7838A6}.Debug|Any CPU.Build.0 = Debug|Any CPU
		{F2AB0943-173E-4155-89C4-AD112D7838A6}.Debug|x64.ActiveCfg = Debug|Any CPU
		{F2AB0943-173E-4155-89C4-AD112D7838A6}.Debug|x64.Build.0 = Debug|Any CPU
		{F2AB0943-173E-4155-89C4-AD112D7838A6}.Debug|x86.ActiveCfg = Debug|Any CPU
		{F2AB0943-173E-4155-89C4-AD112D7838A6}.Debug|x86.Build.0 = Debug|Any CPU
		{F2AB0943-173E-4155-89C4-AD112D7838A6}.Release|Any CPU.ActiveCfg = Release|Any CPU
		{F2AB0943-173E-4155-89C4-AD112D7838A6}.Release|Any CPU.Build.0 = Release|Any CPU
		{F2AB0943-173E-4155-89C4-AD112D7838A6}.Release|x64.ActiveCfg = Release|Any CPU
		{F2AB0943-173E-4155-89C4-AD112D7838A6}.Release|x64.Build.0 = Release|Any CPU
		{F2AB0943-173E-4155-89C4-AD112D7838A6}.Release|x86.ActiveCfg = Release|Any CPU
		{F2AB0943-173E-4155-89C4-AD112D7838A6}.Release|x86.Build.0 = Release|Any CPU
		{EBB503DC-4F44-44F9-8A36-F4E4A34B40A9}.Debug|Any CPU.ActiveCfg = Debug|Any CPU
		{EBB503DC-4F44-44F9-8A36-F4E4A34B40A9}.Debug|Any CPU.Build.0 = Debug|Any CPU
		{EBB503DC-4F44-44F9-8A36-F4E4A34B40A9}.Debug|x64.ActiveCfg = Debug|Any CPU
		{EBB503DC-4F44-44F9-8A36-F4E4A34B40A9}.Debug|x64.Build.0 = Debug|Any CPU
		{EBB503DC-4F44-44F9-8A36-F4E4A34B40A9}.Debug|x86.ActiveCfg = Debug|Any CPU
		{EBB503DC-4F44-44F9-8A36-F4E4A34B40A9}.Debug|x86.Build.0 = Debug|Any CPU
		{EBB503DC-4F44-44F9-8A36-F4E4A34B40A9}.Release|Any CPU.ActiveCfg = Release|Any CPU
		{EBB503DC-4F44-44F9-8A36-F4E4A34B40A9}.Release|Any CPU.Build.0 = Release|Any CPU
		{EBB503DC-4F44-44F9-8A36-F4E4A34B40A9}.Release|x64.ActiveCfg = Release|Any CPU
		{EBB503DC-4F44-44F9-8A36-F4E4A34B40A9}.Release|x64.Build.0 = Release|Any CPU
		{EBB503DC-4F44-44F9-8A36-F4E4A34B40A9}.Release|x86.ActiveCfg = Release|Any CPU
		{EBB503DC-4F44-44F9-8A36-F4E4A34B40A9}.Release|x86.Build.0 = Release|Any CPU
		{164BED31-CACF-4706-AEFF-416A48C51D74}.Debug|Any CPU.ActiveCfg = Debug|Any CPU
		{164BED31-CACF-4706-AEFF-416A48C51D74}.Debug|Any CPU.Build.0 = Debug|Any CPU
		{164BED31-CACF-4706-AEFF-416A48C51D74}.Debug|x64.ActiveCfg = Debug|Any CPU
		{164BED31-CACF-4706-AEFF-416A48C51D74}.Debug|x64.Build.0 = Debug|Any CPU
		{164BED31-CACF-4706-AEFF-416A48C51D74}.Debug|x86.ActiveCfg = Debug|Any CPU
		{164BED31-CACF-4706-AEFF-416A48C51D74}.Debug|x86.Build.0 = Debug|Any CPU
		{164BED31-CACF-4706-AEFF-416A48C51D74}.Release|Any CPU.ActiveCfg = Release|Any CPU
		{164BED31-CACF-4706-AEFF-416A48C51D74}.Release|Any CPU.Build.0 = Release|Any CPU
		{164BED31-CACF-4706-AEFF-416A48C51D74}.Release|x64.ActiveCfg = Release|Any CPU
		{164BED31-CACF-4706-AEFF-416A48C51D74}.Release|x64.Build.0 = Release|Any CPU
		{164BED31-CACF-4706-AEFF-416A48C51D74}.Release|x86.ActiveCfg = Release|Any CPU
		{164BED31-CACF-4706-AEFF-416A48C51D74}.Release|x86.Build.0 = Release|Any CPU
		{271214B7-CA2C-496F-88A9-D46CA90A18F5}.Debug|Any CPU.ActiveCfg = Debug|Any CPU
		{271214B7-CA2C-496F-88A9-D46CA90A18F5}.Debug|Any CPU.Build.0 = Debug|Any CPU
		{271214B7-CA2C-496F-88A9-D46CA90A18F5}.Debug|x64.ActiveCfg = Debug|Any CPU
		{271214B7-CA2C-496F-88A9-D46CA90A18F5}.Debug|x64.Build.0 = Debug|Any CPU
		{271214B7-CA2C-496F-88A9-D46CA90A18F5}.Debug|x86.ActiveCfg = Debug|Any CPU
		{271214B7-CA2C-496F-88A9-D46CA90A18F5}.Debug|x86.Build.0 = Debug|Any CPU
		{271214B7-CA2C-496F-88A9-D46CA90A18F5}.Release|Any CPU.ActiveCfg = Release|Any CPU
		{271214B7-CA2C-496F-88A9-D46CA90A18F5}.Release|Any CPU.Build.0 = Release|Any CPU
		{271214B7-CA2C-496F-88A9-D46CA90A18F5}.Release|x64.ActiveCfg = Release|Any CPU
		{271214B7-CA2C-496F-88A9-D46CA90A18F5}.Release|x64.Build.0 = Release|Any CPU
		{271214B7-CA2C-496F-88A9-D46CA90A18F5}.Release|x86.ActiveCfg = Release|Any CPU
		{271214B7-CA2C-496F-88A9-D46CA90A18F5}.Release|x86.Build.0 = Release|Any CPU
		{8985F62D-82CC-4E5C-A7A1-B51091E3CAE5}.Debug|Any CPU.ActiveCfg = Debug|Any CPU
		{8985F62D-82CC-4E5C-A7A1-B51091E3CAE5}.Debug|Any CPU.Build.0 = Debug|Any CPU
		{8985F62D-82CC-4E5C-A7A1-B51091E3CAE5}.Debug|x64.ActiveCfg = Debug|Any CPU
		{8985F62D-82CC-4E5C-A7A1-B51091E3CAE5}.Debug|x64.Build.0 = Debug|Any CPU
		{8985F62D-82CC-4E5C-A7A1-B51091E3CAE5}.Debug|x86.ActiveCfg = Debug|Any CPU
		{8985F62D-82CC-4E5C-A7A1-B51091E3CAE5}.Debug|x86.Build.0 = Debug|Any CPU
		{8985F62D-82CC-4E5C-A7A1-B51091E3CAE5}.Release|Any CPU.ActiveCfg = Release|Any CPU
		{8985F62D-82CC-4E5C-A7A1-B51091E3CAE5}.Release|Any CPU.Build.0 = Release|Any CPU
		{8985F62D-82CC-4E5C-A7A1-B51091E3CAE5}.Release|x64.ActiveCfg = Release|Any CPU
		{8985F62D-82CC-4E5C-A7A1-B51091E3CAE5}.Release|x64.Build.0 = Release|Any CPU
		{8985F62D-82CC-4E5C-A7A1-B51091E3CAE5}.Release|x86.ActiveCfg = Release|Any CPU
		{8985F62D-82CC-4E5C-A7A1-B51091E3CAE5}.Release|x86.Build.0 = Release|Any CPU
		{199EEF27-24B1-4364-855D-B111434FB8D4}.Debug|Any CPU.ActiveCfg = Debug|Any CPU
		{199EEF27-24B1-4364-855D-B111434FB8D4}.Debug|Any CPU.Build.0 = Debug|Any CPU
		{199EEF27-24B1-4364-855D-B111434FB8D4}.Debug|x64.ActiveCfg = Debug|Any CPU
		{199EEF27-24B1-4364-855D-B111434FB8D4}.Debug|x64.Build.0 = Debug|Any CPU
		{199EEF27-24B1-4364-855D-B111434FB8D4}.Debug|x86.ActiveCfg = Debug|Any CPU
		{199EEF27-24B1-4364-855D-B111434FB8D4}.Debug|x86.Build.0 = Debug|Any CPU
		{199EEF27-24B1-4364-855D-B111434FB8D4}.Release|Any CPU.ActiveCfg = Release|Any CPU
		{199EEF27-24B1-4364-855D-B111434FB8D4}.Release|Any CPU.Build.0 = Release|Any CPU
		{199EEF27-24B1-4364-855D-B111434FB8D4}.Release|x64.ActiveCfg = Release|Any CPU
		{199EEF27-24B1-4364-855D-B111434FB8D4}.Release|x64.Build.0 = Release|Any CPU
		{199EEF27-24B1-4364-855D-B111434FB8D4}.Release|x86.ActiveCfg = Release|Any CPU
		{199EEF27-24B1-4364-855D-B111434FB8D4}.Release|x86.Build.0 = Release|Any CPU
		{D41A603F-8826-4202-9593-A0B81468F25C}.Debug|Any CPU.ActiveCfg = Debug|Any CPU
		{D41A603F-8826-4202-9593-A0B81468F25C}.Debug|Any CPU.Build.0 = Debug|Any CPU
		{D41A603F-8826-4202-9593-A0B81468F25C}.Debug|x64.ActiveCfg = Debug|Any CPU
		{D41A603F-8826-4202-9593-A0B81468F25C}.Debug|x64.Build.0 = Debug|Any CPU
		{D41A603F-8826-4202-9593-A0B81468F25C}.Debug|x86.ActiveCfg = Debug|Any CPU
		{D41A603F-8826-4202-9593-A0B81468F25C}.Debug|x86.Build.0 = Debug|Any CPU
		{D41A603F-8826-4202-9593-A0B81468F25C}.Release|Any CPU.ActiveCfg = Release|Any CPU
		{D41A603F-8826-4202-9593-A0B81468F25C}.Release|Any CPU.Build.0 = Release|Any CPU
		{D41A603F-8826-4202-9593-A0B81468F25C}.Release|x64.ActiveCfg = Release|Any CPU
		{D41A603F-8826-4202-9593-A0B81468F25C}.Release|x64.Build.0 = Release|Any CPU
		{D41A603F-8826-4202-9593-A0B81468F25C}.Release|x86.ActiveCfg = Release|Any CPU
		{D41A603F-8826-4202-9593-A0B81468F25C}.Release|x86.Build.0 = Release|Any CPU
		{59D3F05E-2FD8-41C2-BBD2-957E1C2D09B2}.Debug|Any CPU.ActiveCfg = Debug|Any CPU
		{59D3F05E-2FD8-41C2-BBD2-957E1C2D09B2}.Debug|Any CPU.Build.0 = Debug|Any CPU
		{59D3F05E-2FD8-41C2-BBD2-957E1C2D09B2}.Debug|x64.ActiveCfg = Debug|Any CPU
		{59D3F05E-2FD8-41C2-BBD2-957E1C2D09B2}.Debug|x64.Build.0 = Debug|Any CPU
		{59D3F05E-2FD8-41C2-BBD2-957E1C2D09B2}.Debug|x86.ActiveCfg = Debug|Any CPU
		{59D3F05E-2FD8-41C2-BBD2-957E1C2D09B2}.Debug|x86.Build.0 = Debug|Any CPU
		{59D3F05E-2FD8-41C2-BBD2-957E1C2D09B2}.Release|Any CPU.ActiveCfg = Release|Any CPU
		{59D3F05E-2FD8-41C2-BBD2-957E1C2D09B2}.Release|Any CPU.Build.0 = Release|Any CPU
		{59D3F05E-2FD8-41C2-BBD2-957E1C2D09B2}.Release|x64.ActiveCfg = Release|Any CPU
		{59D3F05E-2FD8-41C2-BBD2-957E1C2D09B2}.Release|x64.Build.0 = Release|Any CPU
		{59D3F05E-2FD8-41C2-BBD2-957E1C2D09B2}.Release|x86.ActiveCfg = Release|Any CPU
		{59D3F05E-2FD8-41C2-BBD2-957E1C2D09B2}.Release|x86.Build.0 = Release|Any CPU
		{D560D83B-A034-41B4-9F11-CC912F0885F7}.Debug|Any CPU.ActiveCfg = Debug|Any CPU
		{D560D83B-A034-41B4-9F11-CC912F0885F7}.Debug|Any CPU.Build.0 = Debug|Any CPU
		{D560D83B-A034-41B4-9F11-CC912F0885F7}.Debug|x64.ActiveCfg = Debug|Any CPU
		{D560D83B-A034-41B4-9F11-CC912F0885F7}.Debug|x64.Build.0 = Debug|Any CPU
		{D560D83B-A034-41B4-9F11-CC912F0885F7}.Debug|x86.ActiveCfg = Debug|Any CPU
		{D560D83B-A034-41B4-9F11-CC912F0885F7}.Debug|x86.Build.0 = Debug|Any CPU
		{D560D83B-A034-41B4-9F11-CC912F0885F7}.Release|Any CPU.ActiveCfg = Release|Any CPU
		{D560D83B-A034-41B4-9F11-CC912F0885F7}.Release|Any CPU.Build.0 = Release|Any CPU
		{D560D83B-A034-41B4-9F11-CC912F0885F7}.Release|x64.ActiveCfg = Release|Any CPU
		{D560D83B-A034-41B4-9F11-CC912F0885F7}.Release|x64.Build.0 = Release|Any CPU
		{D560D83B-A034-41B4-9F11-CC912F0885F7}.Release|x86.ActiveCfg = Release|Any CPU
		{D560D83B-A034-41B4-9F11-CC912F0885F7}.Release|x86.Build.0 = Release|Any CPU
		{F3842043-7344-4766-A620-373F77C491CB}.Debug|Any CPU.ActiveCfg = Debug|x64
		{F3842043-7344-4766-A620-373F77C491CB}.Debug|Any CPU.Build.0 = Debug|x64
		{F3842043-7344-4766-A620-373F77C491CB}.Debug|x64.ActiveCfg = Debug|x64
		{F3842043-7344-4766-A620-373F77C491CB}.Debug|x64.Build.0 = Debug|x64
		{F3842043-7344-4766-A620-373F77C491CB}.Debug|x86.ActiveCfg = Debug|Win32
		{F3842043-7344-4766-A620-373F77C491CB}.Debug|x86.Build.0 = Debug|Win32
		{F3842043-7344-4766-A620-373F77C491CB}.Release|Any CPU.ActiveCfg = Release|x64
		{F3842043-7344-4766-A620-373F77C491CB}.Release|Any CPU.Build.0 = Release|x64
		{F3842043-7344-4766-A620-373F77C491CB}.Release|x64.ActiveCfg = Release|x64
		{F3842043-7344-4766-A620-373F77C491CB}.Release|x64.Build.0 = Release|x64
		{F3842043-7344-4766-A620-373F77C491CB}.Release|x86.ActiveCfg = Release|Win32
		{F3842043-7344-4766-A620-373F77C491CB}.Release|x86.Build.0 = Release|Win32
		{A983CD39-1240-4FCF-81A1-C56EFAAF9754}.Debug|Any CPU.ActiveCfg = Debug|Any CPU
		{A983CD39-1240-4FCF-81A1-C56EFAAF9754}.Debug|Any CPU.Build.0 = Debug|Any CPU
		{A983CD39-1240-4FCF-81A1-C56EFAAF9754}.Debug|x64.ActiveCfg = Debug|Any CPU
		{A983CD39-1240-4FCF-81A1-C56EFAAF9754}.Debug|x64.Build.0 = Debug|Any CPU
		{A983CD39-1240-4FCF-81A1-C56EFAAF9754}.Debug|x86.ActiveCfg = Debug|Any CPU
		{A983CD39-1240-4FCF-81A1-C56EFAAF9754}.Debug|x86.Build.0 = Debug|Any CPU
		{A983CD39-1240-4FCF-81A1-C56EFAAF9754}.Release|Any CPU.ActiveCfg = Release|Any CPU
		{A983CD39-1240-4FCF-81A1-C56EFAAF9754}.Release|Any CPU.Build.0 = Release|Any CPU
		{A983CD39-1240-4FCF-81A1-C56EFAAF9754}.Release|x64.ActiveCfg = Release|Any CPU
		{A983CD39-1240-4FCF-81A1-C56EFAAF9754}.Release|x64.Build.0 = Release|Any CPU
		{A983CD39-1240-4FCF-81A1-C56EFAAF9754}.Release|x86.ActiveCfg = Release|Any CPU
		{A983CD39-1240-4FCF-81A1-C56EFAAF9754}.Release|x86.Build.0 = Release|Any CPU
	EndGlobalSection
	GlobalSection(SolutionProperties) = preSolution
		HideSolutionNode = FALSE
	EndGlobalSection
	GlobalSection(ExtensibilityGlobals) = postSolution
		SolutionGuid = {6A256AC1-CEE8-48B5-A631-0307C11EE472}
	EndGlobalSection
EndGlobal
